// !$*UTF8*$!
{
	archiveVersion = 1;
	classes = {
	};
	objectVersion = 46;
	objects = {

/* Begin PBXBuildFile section */
		6436018513BCF872A04896DA /* libPods.a in Frameworks */ = {isa = PBXBuildFile; fileRef = 5A7617195CEE0754B417A5D7 /* libPods.a */; };
		E296ED971AB117BB002A01D2 /* ClinicLocationProvider.m in Sources */ = {isa = PBXBuildFile; fileRef = E296ED961AB117BB002A01D2 /* ClinicLocationProvider.m */; };
		E2D108E21A98E53A00A90421 /* main.m in Sources */ = {isa = PBXBuildFile; fileRef = E2D108E11A98E53A00A90421 /* main.m */; };
		E2D108E51A98E53A00A90421 /* AppDelegate.m in Sources */ = {isa = PBXBuildFile; fileRef = E2D108E41A98E53A00A90421 /* AppDelegate.m */; };
		E2D108E81A98E53A00A90421 /* FindATestingCenter.xcdatamodeld in Sources */ = {isa = PBXBuildFile; fileRef = E2D108E61A98E53A00A90421 /* FindATestingCenter.xcdatamodeld */; };
		E2D108EB1A98E53A00A90421 /* ViewController.m in Sources */ = {isa = PBXBuildFile; fileRef = E2D108EA1A98E53A00A90421 /* ViewController.m */; };
		E2D108EE1A98E53A00A90421 /* Main.storyboard in Resources */ = {isa = PBXBuildFile; fileRef = E2D108EC1A98E53A00A90421 /* Main.storyboard */; };
		E2D108F01A98E53A00A90421 /* Images.xcassets in Resources */ = {isa = PBXBuildFile; fileRef = E2D108EF1A98E53A00A90421 /* Images.xcassets */; };
		E2D108F31A98E53A00A90421 /* LaunchScreen.xib in Resources */ = {isa = PBXBuildFile; fileRef = E2D108F11A98E53A00A90421 /* LaunchScreen.xib */; };
		E2D108FF1A98E53A00A90421 /* FindATestingCenterTests.m in Sources */ = {isa = PBXBuildFile; fileRef = E2D108FE1A98E53A00A90421 /* FindATestingCenterTests.m */; };
		E2D109091A98E86C00A90421 /* MapKit.framework in Frameworks */ = {isa = PBXBuildFile; fileRef = E2D109081A98E86C00A90421 /* MapKit.framework */; };
		E2D1090B1A98F11900A90421 /* CoreLocation.framework in Frameworks */ = {isa = PBXBuildFile; fileRef = E2D1090A1A98F11900A90421 /* CoreLocation.framework */; };
		E2D1090E1A9918BF00A90421 /* MapViewAnnotation.m in Sources */ = {isa = PBXBuildFile; fileRef = E2D1090D1A9918BF00A90421 /* MapViewAnnotation.m */; };
/* End PBXBuildFile section */

/* Begin PBXContainerItemProxy section */
		E2D108F91A98E53A00A90421 /* PBXContainerItemProxy */ = {
			isa = PBXContainerItemProxy;
			containerPortal = E2D108D41A98E53A00A90421 /* Project object */;
			proxyType = 1;
			remoteGlobalIDString = E2D108DB1A98E53A00A90421;
			remoteInfo = FindATestingCenter;
		};
/* End PBXContainerItemProxy section */

/* Begin PBXFileReference section */
		5A7617195CEE0754B417A5D7 /* libPods.a */ = {isa = PBXFileReference; explicitFileType = archive.ar; includeInIndex = 0; path = libPods.a; sourceTree = BUILT_PRODUCTS_DIR; };
		C5A33DE946F6C456373575F5 /* Pods.release.xcconfig */ = {isa = PBXFileReference; includeInIndex = 1; lastKnownFileType = text.xcconfig; name = Pods.release.xcconfig; path = "Pods/Target Support Files/Pods/Pods.release.xcconfig"; sourceTree = "<group>"; };
		E296ED951AB117BB002A01D2 /* ClinicLocationProvider.h */ = {isa = PBXFileReference; fileEncoding = 4; lastKnownFileType = sourcecode.c.h; path = ClinicLocationProvider.h; sourceTree = "<group>"; };
		E296ED961AB117BB002A01D2 /* ClinicLocationProvider.m */ = {isa = PBXFileReference; fileEncoding = 4; lastKnownFileType = sourcecode.c.objc; path = ClinicLocationProvider.m; sourceTree = "<group>"; };
		E2D108DC1A98E53A00A90421 /* FindATestingCenter.app */ = {isa = PBXFileReference; explicitFileType = wrapper.application; includeInIndex = 0; path = FindATestingCenter.app; sourceTree = BUILT_PRODUCTS_DIR; };
		E2D108E01A98E53A00A90421 /* Info.plist */ = {isa = PBXFileReference; lastKnownFileType = text.plist.xml; path = Info.plist; sourceTree = "<group>"; };
		E2D108E11A98E53A00A90421 /* main.m */ = {isa = PBXFileReference; lastKnownFileType = sourcecode.c.objc; path = main.m; sourceTree = "<group>"; };
		E2D108E31A98E53A00A90421 /* AppDelegate.h */ = {isa = PBXFileReference; lastKnownFileType = sourcecode.c.h; path = AppDelegate.h; sourceTree = "<group>"; };
		E2D108E41A98E53A00A90421 /* AppDelegate.m */ = {isa = PBXFileReference; lastKnownFileType = sourcecode.c.objc; path = AppDelegate.m; sourceTree = "<group>"; };
		E2D108E71A98E53A00A90421 /* FindATestingCenter.xcdatamodel */ = {isa = PBXFileReference; lastKnownFileType = wrapper.xcdatamodel; path = FindATestingCenter.xcdatamodel; sourceTree = "<group>"; };
		E2D108E91A98E53A00A90421 /* ViewController.h */ = {isa = PBXFileReference; lastKnownFileType = sourcecode.c.h; path = ViewController.h; sourceTree = "<group>"; };
		E2D108EA1A98E53A00A90421 /* ViewController.m */ = {isa = PBXFileReference; lastKnownFileType = sourcecode.c.objc; path = ViewController.m; sourceTree = "<group>"; };
		E2D108ED1A98E53A00A90421 /* Base */ = {isa = PBXFileReference; lastKnownFileType = file.storyboard; name = Base; path = Base.lproj/Main.storyboard; sourceTree = "<group>"; };
		E2D108EF1A98E53A00A90421 /* Images.xcassets */ = {isa = PBXFileReference; lastKnownFileType = folder.assetcatalog; path = Images.xcassets; sourceTree = "<group>"; };
		E2D108F21A98E53A00A90421 /* Base */ = {isa = PBXFileReference; lastKnownFileType = file.xib; name = Base; path = Base.lproj/LaunchScreen.xib; sourceTree = "<group>"; };
		E2D108F81A98E53A00A90421 /* FindATestingCenterTests.xctest */ = {isa = PBXFileReference; explicitFileType = wrapper.cfbundle; includeInIndex = 0; path = FindATestingCenterTests.xctest; sourceTree = BUILT_PRODUCTS_DIR; };
		E2D108FD1A98E53A00A90421 /* Info.plist */ = {isa = PBXFileReference; lastKnownFileType = text.plist.xml; path = Info.plist; sourceTree = "<group>"; };
		E2D108FE1A98E53A00A90421 /* FindATestingCenterTests.m */ = {isa = PBXFileReference; lastKnownFileType = sourcecode.c.objc; path = FindATestingCenterTests.m; sourceTree = "<group>"; };
		E2D109081A98E86C00A90421 /* MapKit.framework */ = {isa = PBXFileReference; lastKnownFileType = wrapper.framework; name = MapKit.framework; path = System/Library/Frameworks/MapKit.framework; sourceTree = SDKROOT; };
		E2D1090A1A98F11900A90421 /* CoreLocation.framework */ = {isa = PBXFileReference; lastKnownFileType = wrapper.framework; name = CoreLocation.framework; path = System/Library/Frameworks/CoreLocation.framework; sourceTree = SDKROOT; };
		E2D1090C1A9918BF00A90421 /* MapViewAnnotation.h */ = {isa = PBXFileReference; fileEncoding = 4; lastKnownFileType = sourcecode.c.h; path = MapViewAnnotation.h; sourceTree = "<group>"; };
		E2D1090D1A9918BF00A90421 /* MapViewAnnotation.m */ = {isa = PBXFileReference; fileEncoding = 4; lastKnownFileType = sourcecode.c.objc; path = MapViewAnnotation.m; sourceTree = "<group>"; };
		F3681C21E85F143F18431EF5 /* Pods.debug.xcconfig */ = {isa = PBXFileReference; includeInIndex = 1; lastKnownFileType = text.xcconfig; name = Pods.debug.xcconfig; path = "Pods/Target Support Files/Pods/Pods.debug.xcconfig"; sourceTree = "<group>"; };
/* End PBXFileReference section */

/* Begin PBXFrameworksBuildPhase section */
		E2D108D91A98E53A00A90421 /* Frameworks */ = {
			isa = PBXFrameworksBuildPhase;
			buildActionMask = 2147483647;
			files = (
				E2D1090B1A98F11900A90421 /* CoreLocation.framework in Frameworks */,
				E2D109091A98E86C00A90421 /* MapKit.framework in Frameworks */,
				6436018513BCF872A04896DA /* libPods.a in Frameworks */,
			);
			runOnlyForDeploymentPostprocessing = 0;
		};
		E2D108F51A98E53A00A90421 /* Frameworks */ = {
			isa = PBXFrameworksBuildPhase;
			buildActionMask = 2147483647;
			files = (
			);
			runOnlyForDeploymentPostprocessing = 0;
		};
/* End PBXFrameworksBuildPhase section */

/* Begin PBXGroup section */
		A00E3631573EE07CF55DFDBF /* Frameworks */ = {
			isa = PBXGroup;
			children = (
				5A7617195CEE0754B417A5D7 /* libPods.a */,
			);
			name = Frameworks;
			sourceTree = "<group>";
		};
		C490E6D7E2C65B83B9A6673C /* Pods */ = {
			isa = PBXGroup;
			children = (
				F3681C21E85F143F18431EF5 /* Pods.debug.xcconfig */,
				C5A33DE946F6C456373575F5 /* Pods.release.xcconfig */,
			);
			name = Pods;
			sourceTree = "<group>";
		};
		E2D108D31A98E53A00A90421 = {
			isa = PBXGroup;
			children = (
				E2D108DE1A98E53A00A90421 /* FindATestingCenter */,
				E2D108FB1A98E53A00A90421 /* FindATestingCenterTests */,
				E2D108DD1A98E53A00A90421 /* Products */,
				E2D1090A1A98F11900A90421 /* CoreLocation.framework */,
				E2D109081A98E86C00A90421 /* MapKit.framework */,
				C490E6D7E2C65B83B9A6673C /* Pods */,
				A00E3631573EE07CF55DFDBF /* Frameworks */,
			);
			sourceTree = "<group>";
		};
		E2D108DD1A98E53A00A90421 /* Products */ = {
			isa = PBXGroup;
			children = (
				E2D108DC1A98E53A00A90421 /* FindATestingCenter.app */,
				E2D108F81A98E53A00A90421 /* FindATestingCenterTests.xctest */,
			);
			name = Products;
			sourceTree = "<group>";
		};
		E2D108DE1A98E53A00A90421 /* FindATestingCenter */ = {
			isa = PBXGroup;
			children = (
				E2D108EC1A98E53A00A90421 /* Main.storyboard */,
				E2D108E31A98E53A00A90421 /* AppDelegate.h */,
				E2D108E41A98E53A00A90421 /* AppDelegate.m */,
				E2D108E91A98E53A00A90421 /* ViewController.h */,
				E2D108EA1A98E53A00A90421 /* ViewController.m */,
				E296ED951AB117BB002A01D2 /* ClinicLocationProvider.h */,
				E296ED961AB117BB002A01D2 /* ClinicLocationProvider.m */,
				E2D1090C1A9918BF00A90421 /* MapViewAnnotation.h */,
				E2D1090D1A9918BF00A90421 /* MapViewAnnotation.m */,
				E2D108EF1A98E53A00A90421 /* Images.xcassets */,
				E2D108F11A98E53A00A90421 /* LaunchScreen.xib */,
				E2D108E61A98E53A00A90421 /* FindATestingCenter.xcdatamodeld */,
				E2D108DF1A98E53A00A90421 /* Supporting Files */,
			);
			path = FindATestingCenter;
			sourceTree = "<group>";
		};
		E2D108DF1A98E53A00A90421 /* Supporting Files */ = {
			isa = PBXGroup;
			children = (
				E2D108E01A98E53A00A90421 /* Info.plist */,
				E2D108E11A98E53A00A90421 /* main.m */,
			);
			name = "Supporting Files";
			sourceTree = "<group>";
		};
		E2D108FB1A98E53A00A90421 /* FindATestingCenterTests */ = {
			isa = PBXGroup;
			children = (
				E2D108FE1A98E53A00A90421 /* FindATestingCenterTests.m */,
				E2D108FC1A98E53A00A90421 /* Supporting Files */,
			);
			path = FindATestingCenterTests;
			sourceTree = "<group>";
		};
		E2D108FC1A98E53A00A90421 /* Supporting Files */ = {
			isa = PBXGroup;
			children = (
				E2D108FD1A98E53A00A90421 /* Info.plist */,
			);
			name = "Supporting Files";
			sourceTree = "<group>";
		};
/* End PBXGroup section */

/* Begin PBXNativeTarget section */
		E2D108DB1A98E53A00A90421 /* FindATestingCenter */ = {
			isa = PBXNativeTarget;
			buildConfigurationList = E2D109021A98E53A00A90421 /* Build configuration list for PBXNativeTarget "FindATestingCenter" */;
			buildPhases = (
				C5822922AC0E075CD0D04CE4 /* Check Pods Manifest.lock */,
				E2D108D81A98E53A00A90421 /* Sources */,
				E2D108D91A98E53A00A90421 /* Frameworks */,
				E2D108DA1A98E53A00A90421 /* Resources */,
				FFD24CB77ABC34ADCD88B3C4 /* Copy Pods Resources */,
			);
			buildRules = (
			);
			dependencies = (
			);
			name = FindATestingCenter;
			productName = FindATestingCenter;
			productReference = E2D108DC1A98E53A00A90421 /* FindATestingCenter.app */;
			productType = "com.apple.product-type.application";
		};
		E2D108F71A98E53A00A90421 /* FindATestingCenterTests */ = {
			isa = PBXNativeTarget;
			buildConfigurationList = E2D109051A98E53A00A90421 /* Build configuration list for PBXNativeTarget "FindATestingCenterTests" */;
			buildPhases = (
				E2D108F41A98E53A00A90421 /* Sources */,
				E2D108F51A98E53A00A90421 /* Frameworks */,
				E2D108F61A98E53A00A90421 /* Resources */,
			);
			buildRules = (
			);
			dependencies = (
				E2D108FA1A98E53A00A90421 /* PBXTargetDependency */,
			);
			name = FindATestingCenterTests;
			productName = FindATestingCenterTests;
			productReference = E2D108F81A98E53A00A90421 /* FindATestingCenterTests.xctest */;
			productType = "com.apple.product-type.bundle.unit-test";
		};
/* End PBXNativeTarget section */

/* Begin PBXProject section */
		E2D108D41A98E53A00A90421 /* Project object */ = {
			isa = PBXProject;
			attributes = {
				LastUpgradeCheck = 0610;
				ORGANIZATIONNAME = CodeForRVA;
				TargetAttributes = {
					E2D108DB1A98E53A00A90421 = {
						CreatedOnToolsVersion = 6.1.1;
					};
					E2D108F71A98E53A00A90421 = {
						CreatedOnToolsVersion = 6.1.1;
						TestTargetID = E2D108DB1A98E53A00A90421;
					};
				};
			};
			buildConfigurationList = E2D108D71A98E53A00A90421 /* Build configuration list for PBXProject "FindATestingCenter" */;
			compatibilityVersion = "Xcode 3.2";
			developmentRegion = English;
			hasScannedForEncodings = 0;
			knownRegions = (
				en,
				Base,
			);
			mainGroup = E2D108D31A98E53A00A90421;
			productRefGroup = E2D108DD1A98E53A00A90421 /* Products */;
			projectDirPath = "";
			projectRoot = "";
			targets = (
				E2D108DB1A98E53A00A90421 /* FindATestingCenter */,
				E2D108F71A98E53A00A90421 /* FindATestingCenterTests */,
			);
		};
/* End PBXProject section */

/* Begin PBXResourcesBuildPhase section */
		E2D108DA1A98E53A00A90421 /* Resources */ = {
			isa = PBXResourcesBuildPhase;
			buildActionMask = 2147483647;
			files = (
				E2D108EE1A98E53A00A90421 /* Main.storyboard in Resources */,
				E2D108F31A98E53A00A90421 /* LaunchScreen.xib in Resources */,
				E2D108F01A98E53A00A90421 /* Images.xcassets in Resources */,
			);
			runOnlyForDeploymentPostprocessing = 0;
		};
		E2D108F61A98E53A00A90421 /* Resources */ = {
			isa = PBXResourcesBuildPhase;
			buildActionMask = 2147483647;
			files = (
			);
			runOnlyForDeploymentPostprocessing = 0;
		};
/* End PBXResourcesBuildPhase section */

/* Begin PBXShellScriptBuildPhase section */
		C5822922AC0E075CD0D04CE4 /* Check Pods Manifest.lock */ = {
			isa = PBXShellScriptBuildPhase;
			buildActionMask = 2147483647;
			files = (
			);
			inputPaths = (
			);
			name = "Check Pods Manifest.lock";
			outputPaths = (
			);
			runOnlyForDeploymentPostprocessing = 0;
			shellPath = /bin/sh;
			shellScript = "diff \"${PODS_ROOT}/../Podfile.lock\" \"${PODS_ROOT}/Manifest.lock\" > /dev/null\nif [[ $? != 0 ]] ; then\n    cat << EOM\nerror: The sandbox is not in sync with the Podfile.lock. Run 'pod install' or update your CocoaPods installation.\nEOM\n    exit 1\nfi\n";
			showEnvVarsInLog = 0;
		};
		FFD24CB77ABC34ADCD88B3C4 /* Copy Pods Resources */ = {
			isa = PBXShellScriptBuildPhase;
			buildActionMask = 2147483647;
			files = (
			);
			inputPaths = (
			);
			name = "Copy Pods Resources";
			outputPaths = (
			);
			runOnlyForDeploymentPostprocessing = 0;
			shellPath = /bin/sh;
			shellScript = "\"${SRCROOT}/Pods/Target Support Files/Pods/Pods-resources.sh\"\n";
			showEnvVarsInLog = 0;
		};
/* End PBXShellScriptBuildPhase section */

/* Begin PBXSourcesBuildPhase section */
		E2D108D81A98E53A00A90421 /* Sources */ = {
			isa = PBXSourcesBuildPhase;
			buildActionMask = 2147483647;
			files = (
				E296ED971AB117BB002A01D2 /* ClinicLocationProvider.m in Sources */,
				E2D108E51A98E53A00A90421 /* AppDelegate.m in Sources */,
				E2D108E21A98E53A00A90421 /* main.m in Sources */,
				E2D108EB1A98E53A00A90421 /* ViewController.m in Sources */,
				E2D108E81A98E53A00A90421 /* FindATestingCenter.xcdatamodeld in Sources */,
				E2D1090E1A9918BF00A90421 /* MapViewAnnotation.m in Sources */,
			);
			runOnlyForDeploymentPostprocessing = 0;
		};
		E2D108F41A98E53A00A90421 /* Sources */ = {
			isa = PBXSourcesBuildPhase;
			buildActionMask = 2147483647;
			files = (
				E2D108FF1A98E53A00A90421 /* FindATestingCenterTests.m in Sources */,
			);
			runOnlyForDeploymentPostprocessing = 0;
		};
/* End PBXSourcesBuildPhase section */

/* Begin PBXTargetDependency section */
		E2D108FA1A98E53A00A90421 /* PBXTargetDependency */ = {
			isa = PBXTargetDependency;
			target = E2D108DB1A98E53A00A90421 /* FindATestingCenter */;
			targetProxy = E2D108F91A98E53A00A90421 /* PBXContainerItemProxy */;
		};
/* End PBXTargetDependency section */

/* Begin PBXVariantGroup section */
		E2D108EC1A98E53A00A90421 /* Main.storyboard */ = {
			isa = PBXVariantGroup;
			children = (
				E2D108ED1A98E53A00A90421 /* Base */,
			);
			name = Main.storyboard;
			sourceTree = "<group>";
		};
		E2D108F11A98E53A00A90421 /* LaunchScreen.xib */ = {
			isa = PBXVariantGroup;
			children = (
				E2D108F21A98E53A00A90421 /* Base */,
			);
			name = LaunchScreen.xib;
			sourceTree = "<group>";
		};
/* End PBXVariantGroup section */

/* Begin XCBuildConfiguration section */
		E2D109001A98E53A00A90421 /* Debug */ = {
			isa = XCBuildConfiguration;
			buildSettings = {
				ALWAYS_SEARCH_USER_PATHS = NO;
				CLANG_CXX_LANGUAGE_STANDARD = "gnu++0x";
				CLANG_CXX_LIBRARY = "libc++";
				CLANG_ENABLE_MODULES = YES;
				CLANG_ENABLE_OBJC_ARC = YES;
				CLANG_WARN_BOOL_CONVERSION = YES;
				CLANG_WARN_CONSTANT_CONVERSION = YES;
				CLANG_WARN_DIRECT_OBJC_ISA_USAGE = YES_ERROR;
				CLANG_WARN_EMPTY_BODY = YES;
				CLANG_WARN_ENUM_CONVERSION = YES;
				CLANG_WARN_INT_CONVERSION = YES;
				CLANG_WARN_OBJC_ROOT_CLASS = YES_ERROR;
				CLANG_WARN_UNREACHABLE_CODE = YES;
				CLANG_WARN__DUPLICATE_METHOD_MATCH = YES;
				"CODE_SIGN_IDENTITY[sdk=iphoneos*]" = "iPhone Developer";
				COPY_PHASE_STRIP = NO;
				ENABLE_STRICT_OBJC_MSGSEND = YES;
				GCC_C_LANGUAGE_STANDARD = gnu99;
				GCC_DYNAMIC_NO_PIC = NO;
				GCC_OPTIMIZATION_LEVEL = 0;
				GCC_PREPROCESSOR_DEFINITIONS = (
					"DEBUG=1",
					"$(inherited)",
				);
				GCC_SYMBOLS_PRIVATE_EXTERN = NO;
				GCC_WARN_64_TO_32_BIT_CONVERSION = YES;
				GCC_WARN_ABOUT_RETURN_TYPE = YES_ERROR;
				GCC_WARN_UNDECLARED_SELECTOR = YES;
				GCC_WARN_UNINITIALIZED_AUTOS = YES_AGGRESSIVE;
				GCC_WARN_UNUSED_FUNCTION = YES;
				GCC_WARN_UNUSED_VARIABLE = YES;
				IPHONEOS_DEPLOYMENT_TARGET = 7.0;
				MTL_ENABLE_DEBUG_INFO = YES;
				ONLY_ACTIVE_ARCH = YES;
				SDKROOT = iphoneos;
			};
			name = Debug;
		};
		E2D109011A98E53A00A90421 /* Release */ = {
			isa = XCBuildConfiguration;
			buildSettings = {
				ALWAYS_SEARCH_USER_PATHS = NO;
				CLANG_CXX_LANGUAGE_STANDARD = "gnu++0x";
				CLANG_CXX_LIBRARY = "libc++";
				CLANG_ENABLE_MODULES = YES;
				CLANG_ENABLE_OBJC_ARC = YES;
				CLANG_WARN_BOOL_CONVERSION = YES;
				CLANG_WARN_CONSTANT_CONVERSION = YES;
				CLANG_WARN_DIRECT_OBJC_ISA_USAGE = YES_ERROR;
				CLANG_WARN_EMPTY_BODY = YES;
				CLANG_WARN_ENUM_CONVERSION = YES;
				CLANG_WARN_INT_CONVERSION = YES;
				CLANG_WARN_OBJC_ROOT_CLASS = YES_ERROR;
				CLANG_WARN_UNREACHABLE_CODE = YES;
				CLANG_WARN__DUPLICATE_METHOD_MATCH = YES;
				"CODE_SIGN_IDENTITY[sdk=iphoneos*]" = "iPhone Developer";
				COPY_PHASE_STRIP = YES;
				ENABLE_NS_ASSERTIONS = NO;
				ENABLE_STRICT_OBJC_MSGSEND = YES;
				GCC_C_LANGUAGE_STANDARD = gnu99;
				GCC_WARN_64_TO_32_BIT_CONVERSION = YES;
				GCC_WARN_ABOUT_RETURN_TYPE = YES_ERROR;
				GCC_WARN_UNDECLARED_SELECTOR = YES;
				GCC_WARN_UNINITIALIZED_AUTOS = YES_AGGRESSIVE;
				GCC_WARN_UNUSED_FUNCTION = YES;
				GCC_WARN_UNUSED_VARIABLE = YES;
				IPHONEOS_DEPLOYMENT_TARGET = 7.0;
				MTL_ENABLE_DEBUG_INFO = NO;
				SDKROOT = iphoneos;
				VALIDATE_PRODUCT = YES;
			};
			name = Release;
		};
		E2D109031A98E53A00A90421 /* Debug */ = {
			isa = XCBuildConfiguration;
			baseConfigurationReference = F3681C21E85F143F18431EF5 /* Pods.debug.xcconfig */;
			buildSettings = {
				ASSETCATALOG_COMPILER_APPICON_NAME = AppIcon;
				INFOPLIST_FILE = FindATestingCenter/Info.plist;
				IPHONEOS_DEPLOYMENT_TARGET = 7.0;
				LD_RUNPATH_SEARCH_PATHS = "$(inherited) @executable_path/Frameworks";
				PRODUCT_NAME = "$(TARGET_NAME)";
			};
			name = Debug;
		};
		E2D109041A98E53A00A90421 /* Release */ = {
			isa = XCBuildConfiguration;
			baseConfigurationReference = C5A33DE946F6C456373575F5 /* Pods.release.xcconfig */;
			buildSettings = {
				ASSETCATALOG_COMPILER_APPICON_NAME = AppIcon;
				INFOPLIST_FILE = FindATestingCenter/Info.plist;
				IPHONEOS_DEPLOYMENT_TARGET = 7.0;
				LD_RUNPATH_SEARCH_PATHS = "$(inherited) @executable_path/Frameworks";
				PRODUCT_NAME = "$(TARGET_NAME)";
			};
			name = Release;
		};
		E2D109061A98E53A00A90421 /* Debug */ = {
			isa = XCBuildConfiguration;
			buildSettings = {
				BUNDLE_LOADER = "$(TEST_HOST)";
				FRAMEWORK_SEARCH_PATHS = (
					"$(SDKROOT)/Developer/Library/Frameworks",
					"$(inherited)",
				);
				GCC_PREPROCESSOR_DEFINITIONS = (
					"DEBUG=1",
					"$(inherited)",
				);
				INFOPLIST_FILE = FindATestingCenterTests/Info.plist;
				LD_RUNPATH_SEARCH_PATHS = "$(inherited) @executable_path/Frameworks @loader_path/Frameworks";
				PRODUCT_NAME = "$(TARGET_NAME)";
				TEST_HOST = "$(BUILT_PRODUCTS_DIR)/FindATestingCenter.app/FindATestingCenter";
			};
			name = Debug;
		};
		E2D109071A98E53A00A90421 /* Release */ = {
			isa = XCBuildConfiguration;
			buildSettings = {
				BUNDLE_LOADER = "$(TEST_HOST)";
				FRAMEWORK_SEARCH_PATHS = (
					"$(SDKROOT)/Developer/Library/Frameworks",
					"$(inherited)",
				);
				INFOPLIST_FILE = FindATestingCenterTests/Info.plist;
				LD_RUNPATH_SEARCH_PATHS = "$(inherited) @executable_path/Frameworks @loader_path/Frameworks";
				PRODUCT_NAME = "$(TARGET_NAME)";
				TEST_HOST = "$(BUILT_PRODUCTS_DIR)/FindATestingCenter.app/FindATestingCenter";
			};
			name = Release;
		};
/* End XCBuildConfiguration section */

/* Begin XCConfigurationList section */
		E2D108D71A98E53A00A90421 /* Build configuration list for PBXProject "FindATestingCenter" */ = {
			isa = XCConfigurationList;
			buildConfigurations = (
				E2D109001A98E53A00A90421 /* Debug */,
				E2D109011A98E53A00A90421 /* Release */,
			);
			defaultConfigurationIsVisible = 0;
			defaultConfigurationName = Release;
		};
		E2D109021A98E53A00A90421 /* Build configuration list for PBXNativeTarget "FindATestingCenter" */ = {
			isa = XCConfigurationList;
			buildConfigurations = (
				E2D109031A98E53A00A90421 /* Debug */,
				E2D109041A98E53A00A90421 /* Release */,
			);
			defaultConfigurationIsVisible = 0;
			defaultConfigurationName = Release;
		};
		E2D109051A98E53A00A90421 /* Build configuration list for PBXNativeTarget "FindATestingCenterTests" */ = {
			isa = XCConfigurationList;
			buildConfigurations = (
				E2D109061A98E53A00A90421 /* Debug */,
				E2D109071A98E53A00A90421 /* Release */,
			);
			defaultConfigurationIsVisible = 0;
			defaultConfigurationName = Release;
		};
/* End XCConfigurationList section */

/* Begin XCVersionGroup section */
		E2D108E61A98E53A00A90421 /* FindATestingCenter.xcdatamodeld */ = {
			isa = XCVersionGroup;
			children = (
				E2D108E71A98E53A00A90421 /* FindATestingCenter.xcdatamodel */,
			);
			currentVersion = E2D108E71A98E53A00A90421 /* FindATestingCenter.xcdatamodel */;
			path = FindATestingCenter.xcdatamodeld;
			sourceTree = "<group>";
			versionGroupType = wrapper.xcdatamodel;
		};
/* End XCVersionGroup section */
	};
	rootObject = E2D108D41A98E53A00A90421 /* Project object */;
}
